
Microsoft Visual Studio Solution File, Format Version 12.00
# Visual Studio Version 17
VisualStudioVersion = 17.1.32210.238
MinimumVisualStudioVersion = 10.0.40219.1
Project("{FAE04EC0-301F-11D3-BF4B-00C04F79EFBC}") = "GestElection", "..\..\..\Nouveau dossier\GestElection\GestElection\GestElection.csproj", "{CC001373-95C8-4A77-A4A1-E972DB954A97}"
EndProject
Project("{2150E333-8FDC-42A3-9474-1A3956D46DE8}") = "classe", "classe", "{D46A1824-8C9E-4A46-9930-9DD4F4B4C00A}"
	ProjectSection(SolutionItems) = preProject
		..\..\..\Nouveau dossier\GestElection\Electeur.cs = ..\..\..\Nouveau dossier\GestElection\Electeur.cs
		..\..\..\Nouveau dossier\GestElection\Election.cs = ..\..\..\Nouveau dossier\GestElection\Election.cs
		..\..\..\Nouveau dossier\GestElection\Individu.cs = ..\..\..\Nouveau dossier\GestElection\Individu.cs
	EndProjectSection
EndProject
Global
	GlobalSection(SolutionConfigurationPlatforms) = preSolution
		Debug|Any CPU = Debug|Any CPU
		Release|Any CPU = Release|Any CPU
	EndGlobalSection
	GlobalSection(ProjectConfigurationPlatforms) = postSolution
		{CC001373-95C8-4A77-A4A1-E972DB954A97}.Debug|Any CPU.ActiveCfg = Debug|Any CPU
		{CC001373-95C8-4A77-A4A1-E972DB954A97}.Debug|Any CPU.Build.0 = Debug|Any CPU
		{CC001373-95C8-4A77-A4A1-E972DB954A97}.Release|Any CPU.ActiveCfg = Release|Any CPU
		{CC001373-95C8-4A77-A4A1-E972DB954A97}.Release|Any CPU.Build.0 = Release|Any CPU
	EndGlobalSection
	GlobalSection(SolutionProperties) = preSolution
		HideSolutionNode = FALSE
	EndGlobalSection
	GlobalSection(ExtensibilityGlobals) = postSolution
		SolutionGuid = {ACCDA6A2-A3AB-4DA4-AF3A-63E45B8A48AA}
	EndGlobalSection
EndGlobal
